
Microsoft Visual Studio Solution File, Format Version 12.00
# Visual Studio Version 17
VisualStudioVersion = 17.13.35931.197 d17.13
MinimumVisualStudioVersion = 10.0.40219.1
Project("{FAE04EC0-301F-11D3-BF4B-00C04F79EFBC}") = "PoliceArchive", "PoliceArchive\PoliceArchive.csproj", "{4305B547-D83A-4020-B64B-E3EE772631EE}"
EndProject
Global
	GlobalSection(SolutionConfigurationPlatforms) = preSolution
		Debug|Any CPU = Debug|Any CPU
		Release|Any CPU = Release|Any CPU
	EndGlobalSection
	GlobalSection(ProjectConfigurationPlatforms) = postSolution
		{4305B547-D83A-4020-B64B-E3EE772631EE}.Debug|Any CPU.ActiveCfg = Debug|Any CPU
		{4305B547-D83A-4020-B64B-E3EE772631EE}.Debug|Any CPU.Build.0 = Debug|Any CPU
		{4305B547-D83A-4020-B64B-E3EE772631EE}.Release|Any CPU.ActiveCfg = Release|Any CPU
		{4305B547-D83A-4020-B64B-E3EE772631EE}.Release|Any CPU.Build.0 = Release|Any CPU
	EndGlobalSection
	GlobalSection(SolutionProperties) = preSolution
		HideSolutionNode = FALSE
	EndGlobalSection
	GlobalSection(ExtensibilityGlobals) = postSolution
		SolutionGuid = {4BEA496B-0DFB-4129-896F-31D8D355D59D}
	EndGlobalSection
EndGlobal
